# THIS IS AN AUTOGENERATED FILE. DO NOT EDIT THIS FILE DIRECTLY.
# yarn lockfile v1


lodash@^4.17.4:
  version "4.17.19"
  resolved "https://registry.yarnpkg.com/lodash/-/lodash-4.17.19.tgz#e48ddedbe30b3321783c5b4301fbd353bc1e4a4b"

world-countries@^1.8.1:
  version "1.8.1"
  resolved "https://registry.yarnpkg.com/world-countries/-/world-countries-1.8.1.tgz#14ba7d735d422d63de70deb6e35ec5e49341b209"
